PODS:
  - AccountKit (5.0.1)
  - Alamofire (4.8.2)
  - AlamofireObjectMapper (5.2.0):
    - Alamofire (~> 4.7)
    - ObjectMapper (~> 3.4)
  - ObjectMapper (3.5.0)
  - R.swift (5.0.3):
    - R.swift.Library (~> 5.0.0)
  - R.swift.Library (5.0.1)
  - Toaster (2.2.0)

DEPENDENCIES:
  - AccountKit
  - AlamofireObjectMapper
  - R.swift
  - Toaster

SPEC REPOS:
  https://github.com/cocoapods/specs.git:
    - AccountKit
    - Alamofire
    - AlamofireObjectMapper
    - ObjectMapper
    - R.swift
    - R.swift.Library
    - Toaster

SPEC CHECKSUMS:
  AccountKit: d05258857e74b04386c263a1365b27dbb5ff62b9
  Alamofire: ae5c501addb7afdbb13687d7f2f722c78734c2d3
  AlamofireObjectMapper: 92b6ce2423a9d159e686f6a1d514a009bf903ddc
  ObjectMapper: 078b564ed25c6578b62588e306bf1da3924636d4
  R.swift: f5a87643b91ea569d23d6afb3eee9c743edde239
  R.swift.Library: cfe85d569d9bae6cb262922db130e7c3a7a5fad1
  Toaster: c1a81b376edcc2470157b4d1ee1e9341d3b96455

PODFILE CHECKSUM: 2cebc43a36ff7d7d5237609da4019a54635030ce

COCOAPODS: 1.5.3
