// !$*UTF8*$!
{
	archiveVersion = 1;
	classes = {
	};
	objectVersion = 50;
	objects = {

/* Begin PBXBuildFile section */
		110430CF2340FD820019EB9D /* Profile.swift in Sources */ = {isa = PBXBuildFile; fileRef = 110430CE2340FD820019EB9D /* Profile.swift */; };
		113F457723406C8300DF2E09 /* ClosedViewController.swift in Sources */ = {isa = PBXBuildFile; fileRef = 113F457623406C8300DF2E09 /* ClosedViewController.swift */; };
		113F457B23406DF000DF2E09 /* SettingViewController.swift in Sources */ = {isa = PBXBuildFile; fileRef = 113F457A23406DF000DF2E09 /* SettingViewController.swift */; };
		1144C2242333E5D50073CEF8 /* AppDelegate.swift in Sources */ = {isa = PBXBuildFile; fileRef = 1144C2232333E5D50073CEF8 /* AppDelegate.swift */; };
		1144C2292333E5D50073CEF8 /* Main.storyboard in Resources */ = {isa = PBXBuildFile; fileRef = 1144C2272333E5D50073CEF8 /* Main.storyboard */; };
		1144C22B2333E5D60073CEF8 /* Assets.xcassets in Resources */ = {isa = PBXBuildFile; fileRef = 1144C22A2333E5D60073CEF8 /* Assets.xcassets */; };
		1144C22E2333E5D60073CEF8 /* LaunchScreen.storyboard in Resources */ = {isa = PBXBuildFile; fileRef = 1144C22C2333E5D60073CEF8 /* LaunchScreen.storyboard */; };
		1144C2392333E97B0073CEF8 /* MainViewController.swift in Sources */ = {isa = PBXBuildFile; fileRef = 1144C2382333E97B0073CEF8 /* MainViewController.swift */; };
		1144C23F2333EE8E0073CEF8 /* Colors.xcassets in Resources */ = {isa = PBXBuildFile; fileRef = 1144C23E2333EE8E0073CEF8 /* Colors.xcassets */; };
		1144C2412333EF850073CEF8 /* Login.storyboard in Resources */ = {isa = PBXBuildFile; fileRef = 1144C2402333EF850073CEF8 /* Login.storyboard */; };
		1144C2442333EF9F0073CEF8 /* LoginViewController.swift in Sources */ = {isa = PBXBuildFile; fileRef = 1144C2432333EF9F0073CEF8 /* LoginViewController.swift */; };
		1144C2472333F0900073CEF8 /* UIViewExtension.swift in Sources */ = {isa = PBXBuildFile; fileRef = 1144C2462333F0900073CEF8 /* UIViewExtension.swift */; };
		1144C2492333F1D70073CEF8 /* R.generated.swift in Sources */ = {isa = PBXBuildFile; fileRef = 1144C2482333F1D70073CEF8 /* R.generated.swift */; };
		11515F01233E8D8F00AC839C /* NewViewController.swift in Sources */ = {isa = PBXBuildFile; fileRef = 11515F00233E8D8F00AC839C /* NewViewController.swift */; };
		115E25952337B2F900E2954F /* WebViewController.swift in Sources */ = {isa = PBXBuildFile; fileRef = 115E25942337B2F900E2954F /* WebViewController.swift */; };
		1176330D233FDF8D000EA82D /* Requests.swift in Sources */ = {isa = PBXBuildFile; fileRef = 1176330C233FDF8D000EA82D /* Requests.swift */; };
		11763311233FE03E000EA82D /* PhoneValidationResponse.swift in Sources */ = {isa = PBXBuildFile; fileRef = 11763310233FE03E000EA82D /* PhoneValidationResponse.swift */; };
		11763314233FE1F1000EA82D /* Config.swift in Sources */ = {isa = PBXBuildFile; fileRef = 11763313233FE1F1000EA82D /* Config.swift */; };
		11763316233FE6A5000EA82D /* UIViewControllerExtension.swift in Sources */ = {isa = PBXBuildFile; fileRef = 11763315233FE6A5000EA82D /* UIViewControllerExtension.swift */; };
		11763319233FFA9E000EA82D /* ProcessingViewController.swift in Sources */ = {isa = PBXBuildFile; fileRef = 11763318233FFA9E000EA82D /* ProcessingViewController.swift */; };
		97694504D05D8D053199A3CE /* Pods_HB_Partner.framework in Frameworks */ = {isa = PBXBuildFile; fileRef = F8C7F0DAF5FA3711A6529E36 /* Pods_HB_Partner.framework */; };
/* End PBXBuildFile section */

/* Begin PBXFileReference section */
		110430CE2340FD820019EB9D /* Profile.swift */ = {isa = PBXFileReference; lastKnownFileType = sourcecode.swift; path = Profile.swift; sourceTree = "<group>"; };
		113F457623406C8300DF2E09 /* ClosedViewController.swift */ = {isa = PBXFileReference; lastKnownFileType = sourcecode.swift; path = ClosedViewController.swift; sourceTree = "<group>"; };
		113F457A23406DF000DF2E09 /* SettingViewController.swift */ = {isa = PBXFileReference; lastKnownFileType = sourcecode.swift; path = SettingViewController.swift; sourceTree = "<group>"; };
		1144C2202333E5D50073CEF8 /* HB-Partner.app */ = {isa = PBXFileReference; explicitFileType = wrapper.application; includeInIndex = 0; path = "HB-Partner.app"; sourceTree = BUILT_PRODUCTS_DIR; };
		1144C2232333E5D50073CEF8 /* AppDelegate.swift */ = {isa = PBXFileReference; lastKnownFileType = sourcecode.swift; path = AppDelegate.swift; sourceTree = "<group>"; };
		1144C2282333E5D50073CEF8 /* Base */ = {isa = PBXFileReference; lastKnownFileType = file.storyboard; name = Base; path = Base.lproj/Main.storyboard; sourceTree = "<group>"; };
		1144C22A2333E5D60073CEF8 /* Assets.xcassets */ = {isa = PBXFileReference; lastKnownFileType = folder.assetcatalog; path = Assets.xcassets; sourceTree = "<group>"; };
		1144C22D2333E5D60073CEF8 /* Base */ = {isa = PBXFileReference; lastKnownFileType = file.storyboard; name = Base; path = Base.lproj/LaunchScreen.storyboard; sourceTree = "<group>"; };
		1144C22F2333E5D60073CEF8 /* Info.plist */ = {isa = PBXFileReference; lastKnownFileType = text.plist.xml; path = Info.plist; sourceTree = "<group>"; };
		1144C2382333E97B0073CEF8 /* MainViewController.swift */ = {isa = PBXFileReference; lastKnownFileType = sourcecode.swift; path = MainViewController.swift; sourceTree = "<group>"; };
		1144C23E2333EE8E0073CEF8 /* Colors.xcassets */ = {isa = PBXFileReference; lastKnownFileType = folder.assetcatalog; path = Colors.xcassets; sourceTree = "<group>"; };
		1144C2402333EF850073CEF8 /* Login.storyboard */ = {isa = PBXFileReference; lastKnownFileType = file.storyboard; path = Login.storyboard; sourceTree = "<group>"; };
		1144C2432333EF9F0073CEF8 /* LoginViewController.swift */ = {isa = PBXFileReference; lastKnownFileType = sourcecode.swift; path = LoginViewController.swift; sourceTree = "<group>"; };
		1144C2462333F0900073CEF8 /* UIViewExtension.swift */ = {isa = PBXFileReference; lastKnownFileType = sourcecode.swift; path = UIViewExtension.swift; sourceTree = "<group>"; };
		1144C2482333F1D70073CEF8 /* R.generated.swift */ = {isa = PBXFileReference; fileEncoding = 4; lastKnownFileType = sourcecode.swift; path = R.generated.swift; sourceTree = SOURCE_ROOT; };
		11515F00233E8D8F00AC839C /* NewViewController.swift */ = {isa = PBXFileReference; lastKnownFileType = sourcecode.swift; path = NewViewController.swift; sourceTree = "<group>"; };
		115E25942337B2F900E2954F /* WebViewController.swift */ = {isa = PBXFileReference; lastKnownFileType = sourcecode.swift; path = WebViewController.swift; sourceTree = "<group>"; };
		1176330C233FDF8D000EA82D /* Requests.swift */ = {isa = PBXFileReference; lastKnownFileType = sourcecode.swift; path = Requests.swift; sourceTree = "<group>"; };
		11763310233FE03E000EA82D /* PhoneValidationResponse.swift */ = {isa = PBXFileReference; lastKnownFileType = sourcecode.swift; path = PhoneValidationResponse.swift; sourceTree = "<group>"; };
		11763313233FE1F1000EA82D /* Config.swift */ = {isa = PBXFileReference; lastKnownFileType = sourcecode.swift; path = Config.swift; sourceTree = "<group>"; };
		11763315233FE6A5000EA82D /* UIViewControllerExtension.swift */ = {isa = PBXFileReference; lastKnownFileType = sourcecode.swift; path = UIViewControllerExtension.swift; sourceTree = "<group>"; };
		11763318233FFA9E000EA82D /* ProcessingViewController.swift */ = {isa = PBXFileReference; lastKnownFileType = sourcecode.swift; path = ProcessingViewController.swift; sourceTree = "<group>"; };
		9709E33EA15380B5359CDE00 /* Pods-HB-Partner.debug.xcconfig */ = {isa = PBXFileReference; includeInIndex = 1; lastKnownFileType = text.xcconfig; name = "Pods-HB-Partner.debug.xcconfig"; path = "Pods/Target Support Files/Pods-HB-Partner/Pods-HB-Partner.debug.xcconfig"; sourceTree = "<group>"; };
		B1887A720DF8A17A4B0F13CB /* Pods-HB-Partner.release.xcconfig */ = {isa = PBXFileReference; includeInIndex = 1; lastKnownFileType = text.xcconfig; name = "Pods-HB-Partner.release.xcconfig"; path = "Pods/Target Support Files/Pods-HB-Partner/Pods-HB-Partner.release.xcconfig"; sourceTree = "<group>"; };
		F8C7F0DAF5FA3711A6529E36 /* Pods_HB_Partner.framework */ = {isa = PBXFileReference; explicitFileType = wrapper.framework; includeInIndex = 0; path = Pods_HB_Partner.framework; sourceTree = BUILT_PRODUCTS_DIR; };
/* End PBXFileReference section */

/* Begin PBXFrameworksBuildPhase section */
		1144C21D2333E5D50073CEF8 /* Frameworks */ = {
			isa = PBXFrameworksBuildPhase;
			buildActionMask = 2147483647;
			files = (
				97694504D05D8D053199A3CE /* Pods_HB_Partner.framework in Frameworks */,
			);
			runOnlyForDeploymentPostprocessing = 0;
		};
/* End PBXFrameworksBuildPhase section */

/* Begin PBXGroup section */
		113F457523406C6D00DF2E09 /* Closed */ = {
			isa = PBXGroup;
			children = (
				113F457623406C8300DF2E09 /* ClosedViewController.swift */,
			);
			path = Closed;
			sourceTree = "<group>";
		};
		113F457823406DCF00DF2E09 /* Settings */ = {
			isa = PBXGroup;
			children = (
				113F457A23406DF000DF2E09 /* SettingViewController.swift */,
			);
			path = Settings;
			sourceTree = "<group>";
		};
		1144C2172333E5D50073CEF8 = {
			isa = PBXGroup;
			children = (
				1144C2222333E5D50073CEF8 /* HB-Partner */,
				1144C2212333E5D50073CEF8 /* Products */,
				A6C7882007982AD590EEBD0E /* Pods */,
				B1BFDDB0A181FD35F3D1140A /* Frameworks */,
			);
			sourceTree = "<group>";
		};
		1144C2212333E5D50073CEF8 /* Products */ = {
			isa = PBXGroup;
			children = (
				1144C2202333E5D50073CEF8 /* HB-Partner.app */,
			);
			name = Products;
			sourceTree = "<group>";
		};
		1144C2222333E5D50073CEF8 /* HB-Partner */ = {
			isa = PBXGroup;
			children = (
				11763312233FE1DF000EA82D /* Config */,
				1176330F233FE00B000EA82D /* Entity */,
				1176330B233FDF6D000EA82D /* Service */,
				1144C2452333EFE40073CEF8 /* Extension */,
				1144C2362333E9230073CEF8 /* Storyboard */,
				1144C2352333E9040073CEF8 /* ViewController */,
				1144C2232333E5D50073CEF8 /* AppDelegate.swift */,
				1144C22A2333E5D60073CEF8 /* Assets.xcassets */,
				1144C23E2333EE8E0073CEF8 /* Colors.xcassets */,
				1144C22F2333E5D60073CEF8 /* Info.plist */,
				1144C2482333F1D70073CEF8 /* R.generated.swift */,
			);
			path = "HB-Partner";
			sourceTree = "<group>";
		};
		1144C2352333E9040073CEF8 /* ViewController */ = {
			isa = PBXGroup;
			children = (
				115E25932337B2D600E2954F /* Share */,
				1144C2422333EF900073CEF8 /* Login */,
				1144C2372333E9600073CEF8 /* Main */,
				11515EFF233E8D5900AC839C /* New */,
				11763317233FFA65000EA82D /* Procesing */,
				113F457523406C6D00DF2E09 /* Closed */,
				113F457823406DCF00DF2E09 /* Settings */,
			);
			path = ViewController;
			sourceTree = "<group>";
		};
		1144C2362333E9230073CEF8 /* Storyboard */ = {
			isa = PBXGroup;
			children = (
				1144C2272333E5D50073CEF8 /* Main.storyboard */,
				1144C22C2333E5D60073CEF8 /* LaunchScreen.storyboard */,
				1144C2402333EF850073CEF8 /* Login.storyboard */,
			);
			path = Storyboard;
			sourceTree = "<group>";
		};
		1144C2372333E9600073CEF8 /* Main */ = {
			isa = PBXGroup;
			children = (
				1144C2382333E97B0073CEF8 /* MainViewController.swift */,
			);
			path = Main;
			sourceTree = "<group>";
		};
		1144C2422333EF900073CEF8 /* Login */ = {
			isa = PBXGroup;
			children = (
				1144C2432333EF9F0073CEF8 /* LoginViewController.swift */,
			);
			path = Login;
			sourceTree = "<group>";
		};
		1144C2452333EFE40073CEF8 /* Extension */ = {
			isa = PBXGroup;
			children = (
				1144C2462333F0900073CEF8 /* UIViewExtension.swift */,
				11763315233FE6A5000EA82D /* UIViewControllerExtension.swift */,
			);
			path = Extension;
			sourceTree = "<group>";
		};
		11515EFF233E8D5900AC839C /* New */ = {
			isa = PBXGroup;
			children = (
				11515F00233E8D8F00AC839C /* NewViewController.swift */,
			);
			path = New;
			sourceTree = "<group>";
		};
		115E25932337B2D600E2954F /* Share */ = {
			isa = PBXGroup;
			children = (
				115E25942337B2F900E2954F /* WebViewController.swift */,
			);
			path = Share;
			sourceTree = "<group>";
		};
		1176330B233FDF6D000EA82D /* Service */ = {
			isa = PBXGroup;
			children = (
				1176330C233FDF8D000EA82D /* Requests.swift */,
			);
			path = Service;
			sourceTree = "<group>";
		};
		1176330F233FE00B000EA82D /* Entity */ = {
			isa = PBXGroup;
			children = (
				11763310233FE03E000EA82D /* PhoneValidationResponse.swift */,
				110430CE2340FD820019EB9D /* Profile.swift */,
			);
			path = Entity;
			sourceTree = "<group>";
		};
		11763312233FE1DF000EA82D /* Config */ = {
			isa = PBXGroup;
			children = (
				11763313233FE1F1000EA82D /* Config.swift */,
			);
			path = Config;
			sourceTree = "<group>";
		};
		11763317233FFA65000EA82D /* Procesing */ = {
			isa = PBXGroup;
			children = (
				11763318233FFA9E000EA82D /* ProcessingViewController.swift */,
			);
			path = Procesing;
			sourceTree = "<group>";
		};
		A6C7882007982AD590EEBD0E /* Pods */ = {
			isa = PBXGroup;
			children = (
				9709E33EA15380B5359CDE00 /* Pods-HB-Partner.debug.xcconfig */,
				B1887A720DF8A17A4B0F13CB /* Pods-HB-Partner.release.xcconfig */,
			);
			name = Pods;
			sourceTree = "<group>";
		};
		B1BFDDB0A181FD35F3D1140A /* Frameworks */ = {
			isa = PBXGroup;
			children = (
				F8C7F0DAF5FA3711A6529E36 /* Pods_HB_Partner.framework */,
			);
			name = Frameworks;
			sourceTree = "<group>";
		};
/* End PBXGroup section */

/* Begin PBXNativeTarget section */
		1144C21F2333E5D50073CEF8 /* HB-Partner */ = {
			isa = PBXNativeTarget;
			buildConfigurationList = 1144C2322333E5D60073CEF8 /* Build configuration list for PBXNativeTarget "HB-Partner" */;
			buildPhases = (
				FD2BE7FB61A8064E9A223BE8 /* [CP] Check Pods Manifest.lock */,
				1144C23B2333ED350073CEF8 /* ShellScript */,
				1144C21C2333E5D50073CEF8 /* Sources */,
				1144C21D2333E5D50073CEF8 /* Frameworks */,
				1144C21E2333E5D50073CEF8 /* Resources */,
				9A4EDA823C1873DADFE2E9E8 /* [CP] Embed Pods Frameworks */,
				202AF2E3878706AC95266390 /* [CP] Copy Pods Resources */,
			);
			buildRules = (
			);
			dependencies = (
			);
			name = "HB-Partner";
			productName = "HB-Partner";
			productReference = 1144C2202333E5D50073CEF8 /* HB-Partner.app */;
			productType = "com.apple.product-type.application";
		};
/* End PBXNativeTarget section */

/* Begin PBXProject section */
		1144C2182333E5D50073CEF8 /* Project object */ = {
			isa = PBXProject;
			attributes = {
				LastSwiftUpdateCheck = 1030;
				LastUpgradeCheck = 1030;
				ORGANIZATIONNAME = "Hung Cao";
				TargetAttributes = {
					1144C21F2333E5D50073CEF8 = {
						CreatedOnToolsVersion = 10.3;
					};
				};
			};
			buildConfigurationList = 1144C21B2333E5D50073CEF8 /* Build configuration list for PBXProject "HB-Partner" */;
			compatibilityVersion = "Xcode 9.3";
			developmentRegion = en;
			hasScannedForEncodings = 0;
			knownRegions = (
				en,
				Base,
			);
			mainGroup = 1144C2172333E5D50073CEF8;
			productRefGroup = 1144C2212333E5D50073CEF8 /* Products */;
			projectDirPath = "";
			projectRoot = "";
			targets = (
				1144C21F2333E5D50073CEF8 /* HB-Partner */,
			);
		};
/* End PBXProject section */

/* Begin PBXResourcesBuildPhase section */
		1144C21E2333E5D50073CEF8 /* Resources */ = {
			isa = PBXResourcesBuildPhase;
			buildActionMask = 2147483647;
			files = (
				1144C22E2333E5D60073CEF8 /* LaunchScreen.storyboard in Resources */,
				1144C23F2333EE8E0073CEF8 /* Colors.xcassets in Resources */,
				1144C22B2333E5D60073CEF8 /* Assets.xcassets in Resources */,
				1144C2412333EF850073CEF8 /* Login.storyboard in Resources */,
				1144C2292333E5D50073CEF8 /* Main.storyboard in Resources */,
			);
			runOnlyForDeploymentPostprocessing = 0;
		};
/* End PBXResourcesBuildPhase section */

/* Begin PBXShellScriptBuildPhase section */
		1144C23B2333ED350073CEF8 /* ShellScript */ = {
			isa = PBXShellScriptBuildPhase;
			buildActionMask = 2147483647;
			files = (
			);
			inputFileListPaths = (
			);
			inputPaths = (
				"$TEMP_DIR/rswift-lastrun",
			);
			outputFileListPaths = (
			);
			outputPaths = (
				"$SRCROOT/R.generated.swift",
			);
			runOnlyForDeploymentPostprocessing = 0;
			shellPath = /bin/sh;
			shellScript = "# Type a script or drag a script file from your workspace to insert its path.\n\"$PODS_ROOT/R.swift/rswift\" generate \"$SRCROOT/R.generated.swift\"\n";
		};
		202AF2E3878706AC95266390 /* [CP] Copy Pods Resources */ = {
			isa = PBXShellScriptBuildPhase;
			buildActionMask = 2147483647;
			files = (
			);
			inputFileListPaths = (
			);
			inputPaths = (
				"${SRCROOT}/Pods/Target Support Files/Pods-HB-Partner/Pods-HB-Partner-resources.sh",
				"${PODS_ROOT}/AccountKit/AccountKitStrings.bundle",
			);
			name = "[CP] Copy Pods Resources";
			outputFileListPaths = (
			);
			outputPaths = (
				"${TARGET_BUILD_DIR}/${UNLOCALIZED_RESOURCES_FOLDER_PATH}/AccountKitStrings.bundle",
			);
			runOnlyForDeploymentPostprocessing = 0;
			shellPath = /bin/sh;
			shellScript = "\"${SRCROOT}/Pods/Target Support Files/Pods-HB-Partner/Pods-HB-Partner-resources.sh\"\n";
			showEnvVarsInLog = 0;
		};
		9A4EDA823C1873DADFE2E9E8 /* [CP] Embed Pods Frameworks */ = {
			isa = PBXShellScriptBuildPhase;
			buildActionMask = 2147483647;
			files = (
			);
			inputFileListPaths = (
			);
			inputPaths = (
				"${SRCROOT}/Pods/Target Support Files/Pods-HB-Partner/Pods-HB-Partner-frameworks.sh",
				"${BUILT_PRODUCTS_DIR}/Alamofire/Alamofire.framework",
				"${BUILT_PRODUCTS_DIR}/AlamofireObjectMapper/AlamofireObjectMapper.framework",
				"${BUILT_PRODUCTS_DIR}/NVActivityIndicatorView/NVActivityIndicatorView.framework",
				"${BUILT_PRODUCTS_DIR}/ObjectMapper/ObjectMapper.framework",
				"${BUILT_PRODUCTS_DIR}/R.swift.Library/Rswift.framework",
				"${BUILT_PRODUCTS_DIR}/Toaster/Toaster.framework",
			);
			name = "[CP] Embed Pods Frameworks";
			outputFileListPaths = (
			);
			outputPaths = (
				"${TARGET_BUILD_DIR}/${FRAMEWORKS_FOLDER_PATH}/Alamofire.framework",
				"${TARGET_BUILD_DIR}/${FRAMEWORKS_FOLDER_PATH}/AlamofireObjectMapper.framework",
				"${TARGET_BUILD_DIR}/${FRAMEWORKS_FOLDER_PATH}/NVActivityIndicatorView.framework",
				"${TARGET_BUILD_DIR}/${FRAMEWORKS_FOLDER_PATH}/ObjectMapper.framework",
				"${TARGET_BUILD_DIR}/${FRAMEWORKS_FOLDER_PATH}/Rswift.framework",
				"${TARGET_BUILD_DIR}/${FRAMEWORKS_FOLDER_PATH}/Toaster.framework",
			);
			runOnlyForDeploymentPostprocessing = 0;
			shellPath = /bin/sh;
			shellScript = "\"${SRCROOT}/Pods/Target Support Files/Pods-HB-Partner/Pods-HB-Partner-frameworks.sh\"\n";
			showEnvVarsInLog = 0;
		};
		FD2BE7FB61A8064E9A223BE8 /* [CP] Check Pods Manifest.lock */ = {
			isa = PBXShellScriptBuildPhase;
			buildActionMask = 2147483647;
			files = (
			);
			inputFileListPaths = (
			);
			inputPaths = (
				"${PODS_PODFILE_DIR_PATH}/Podfile.lock",
				"${PODS_ROOT}/Manifest.lock",
			);
			name = "[CP] Check Pods Manifest.lock";
			outputFileListPaths = (
			);
			outputPaths = (
				"$(DERIVED_FILE_DIR)/Pods-HB-Partner-checkManifestLockResult.txt",
			);
			runOnlyForDeploymentPostprocessing = 0;
			shellPath = /bin/sh;
			shellScript = "diff \"${PODS_PODFILE_DIR_PATH}/Podfile.lock\" \"${PODS_ROOT}/Manifest.lock\" > /dev/null\nif [ $? != 0 ] ; then\n    # print error to STDERR\n    echo \"error: The sandbox is not in sync with the Podfile.lock. Run 'pod install' or update your CocoaPods installation.\" >&2\n    exit 1\nfi\n# This output is used by Xcode 'outputs' to avoid re-running this script phase.\necho \"SUCCESS\" > \"${SCRIPT_OUTPUT_FILE_0}\"\n";
			showEnvVarsInLog = 0;
		};
/* End PBXShellScriptBuildPhase section */

/* Begin PBXSourcesBuildPhase section */
		1144C21C2333E5D50073CEF8 /* Sources */ = {
			isa = PBXSourcesBuildPhase;
			buildActionMask = 2147483647;
			files = (
				1144C2472333F0900073CEF8 /* UIViewExtension.swift in Sources */,
				110430CF2340FD820019EB9D /* Profile.swift in Sources */,
				115E25952337B2F900E2954F /* WebViewController.swift in Sources */,
				11515F01233E8D8F00AC839C /* NewViewController.swift in Sources */,
				113F457723406C8300DF2E09 /* ClosedViewController.swift in Sources */,
				1144C2442333EF9F0073CEF8 /* LoginViewController.swift in Sources */,
				113F457B23406DF000DF2E09 /* SettingViewController.swift in Sources */,
				1144C2492333F1D70073CEF8 /* R.generated.swift in Sources */,
				1176330D233FDF8D000EA82D /* Requests.swift in Sources */,
				11763311233FE03E000EA82D /* PhoneValidationResponse.swift in Sources */,
				11763314233FE1F1000EA82D /* Config.swift in Sources */,
				1144C2242333E5D50073CEF8 /* AppDelegate.swift in Sources */,
				11763319233FFA9E000EA82D /* ProcessingViewController.swift in Sources */,
				11763316233FE6A5000EA82D /* UIViewControllerExtension.swift in Sources */,
				1144C2392333E97B0073CEF8 /* MainViewController.swift in Sources */,
			);
			runOnlyForDeploymentPostprocessing = 0;
		};
/* End PBXSourcesBuildPhase section */

/* Begin PBXVariantGroup section */
		1144C2272333E5D50073CEF8 /* Main.storyboard */ = {
			isa = PBXVariantGroup;
			children = (
				1144C2282333E5D50073CEF8 /* Base */,
			);
			name = Main.storyboard;
			sourceTree = "<group>";
		};
		1144C22C2333E5D60073CEF8 /* LaunchScreen.storyboard */ = {
			isa = PBXVariantGroup;
			children = (
				1144C22D2333E5D60073CEF8 /* Base */,
			);
			name = LaunchScreen.storyboard;
			sourceTree = "<group>";
		};
/* End PBXVariantGroup section */

/* Begin XCBuildConfiguration section */
		1144C2302333E5D60073CEF8 /* Debug */ = {
			isa = XCBuildConfiguration;
			buildSettings = {
				ALWAYS_SEARCH_USER_PATHS = NO;
				CLANG_ANALYZER_NONNULL = YES;
				CLANG_ANALYZER_NUMBER_OBJECT_CONVERSION = YES_AGGRESSIVE;
				CLANG_CXX_LANGUAGE_STANDARD = "gnu++14";
				CLANG_CXX_LIBRARY = "libc++";
				CLANG_ENABLE_MODULES = YES;
				CLANG_ENABLE_OBJC_ARC = YES;
				CLANG_ENABLE_OBJC_WEAK = YES;
				CLANG_WARN_BLOCK_CAPTURE_AUTORELEASING = YES;
				CLANG_WARN_BOOL_CONVERSION = YES;
				CLANG_WARN_COMMA = YES;
				CLANG_WARN_CONSTANT_CONVERSION = YES;
				CLANG_WARN_DEPRECATED_OBJC_IMPLEMENTATIONS = YES;
				CLANG_WARN_DIRECT_OBJC_ISA_USAGE = YES_ERROR;
				CLANG_WARN_DOCUMENTATION_COMMENTS = YES;
				CLANG_WARN_EMPTY_BODY = YES;
				CLANG_WARN_ENUM_CONVERSION = YES;
				CLANG_WARN_INFINITE_RECURSION = YES;
				CLANG_WARN_INT_CONVERSION = YES;
				CLANG_WARN_NON_LITERAL_NULL_CONVERSION = YES;
				CLANG_WARN_OBJC_IMPLICIT_RETAIN_SELF = YES;
				CLANG_WARN_OBJC_LITERAL_CONVERSION = YES;
				CLANG_WARN_OBJC_ROOT_CLASS = YES_ERROR;
				CLANG_WARN_RANGE_LOOP_ANALYSIS = YES;
				CLANG_WARN_STRICT_PROTOTYPES = YES;
				CLANG_WARN_SUSPICIOUS_MOVE = YES;
				CLANG_WARN_UNGUARDED_AVAILABILITY = YES_AGGRESSIVE;
				CLANG_WARN_UNREACHABLE_CODE = YES;
				CLANG_WARN__DUPLICATE_METHOD_MATCH = YES;
				CODE_SIGN_IDENTITY = "iPhone Developer";
				COPY_PHASE_STRIP = NO;
				DEBUG_INFORMATION_FORMAT = dwarf;
				ENABLE_STRICT_OBJC_MSGSEND = YES;
				ENABLE_TESTABILITY = YES;
				GCC_C_LANGUAGE_STANDARD = gnu11;
				GCC_DYNAMIC_NO_PIC = NO;
				GCC_NO_COMMON_BLOCKS = YES;
				GCC_OPTIMIZATION_LEVEL = 0;
				GCC_PREPROCESSOR_DEFINITIONS = (
					"DEBUG=1",
					"$(inherited)",
				);
				GCC_WARN_64_TO_32_BIT_CONVERSION = YES;
				GCC_WARN_ABOUT_RETURN_TYPE = YES_ERROR;
				GCC_WARN_UNDECLARED_SELECTOR = YES;
				GCC_WARN_UNINITIALIZED_AUTOS = YES_AGGRESSIVE;
				GCC_WARN_UNUSED_FUNCTION = YES;
				GCC_WARN_UNUSED_VARIABLE = YES;
				IPHONEOS_DEPLOYMENT_TARGET = 12.4;
				MTL_ENABLE_DEBUG_INFO = INCLUDE_SOURCE;
				MTL_FAST_MATH = YES;
				ONLY_ACTIVE_ARCH = YES;
				SDKROOT = iphoneos;
				SWIFT_ACTIVE_COMPILATION_CONDITIONS = DEBUG;
				SWIFT_OPTIMIZATION_LEVEL = "-Onone";
			};
			name = Debug;
		};
		1144C2312333E5D60073CEF8 /* Release */ = {
			isa = XCBuildConfiguration;
			buildSettings = {
				ALWAYS_SEARCH_USER_PATHS = NO;
				CLANG_ANALYZER_NONNULL = YES;
				CLANG_ANALYZER_NUMBER_OBJECT_CONVERSION = YES_AGGRESSIVE;
				CLANG_CXX_LANGUAGE_STANDARD = "gnu++14";
				CLANG_CXX_LIBRARY = "libc++";
				CLANG_ENABLE_MODULES = YES;
				CLANG_ENABLE_OBJC_ARC = YES;
				CLANG_ENABLE_OBJC_WEAK = YES;
				CLANG_WARN_BLOCK_CAPTURE_AUTORELEASING = YES;
				CLANG_WARN_BOOL_CONVERSION = YES;
				CLANG_WARN_COMMA = YES;
				CLANG_WARN_CONSTANT_CONVERSION = YES;
				CLANG_WARN_DEPRECATED_OBJC_IMPLEMENTATIONS = YES;
				CLANG_WARN_DIRECT_OBJC_ISA_USAGE = YES_ERROR;
				CLANG_WARN_DOCUMENTATION_COMMENTS = YES;
				CLANG_WARN_EMPTY_BODY = YES;
				CLANG_WARN_ENUM_CONVERSION = YES;
				CLANG_WARN_INFINITE_RECURSION = YES;
				CLANG_WARN_INT_CONVERSION = YES;
				CLANG_WARN_NON_LITERAL_NULL_CONVERSION = YES;
				CLANG_WARN_OBJC_IMPLICIT_RETAIN_SELF = YES;
				CLANG_WARN_OBJC_LITERAL_CONVERSION = YES;
				CLANG_WARN_OBJC_ROOT_CLASS = YES_ERROR;
				CLANG_WARN_RANGE_LOOP_ANALYSIS = YES;
				CLANG_WARN_STRICT_PROTOTYPES = YES;
				CLANG_WARN_SUSPICIOUS_MOVE = YES;
				CLANG_WARN_UNGUARDED_AVAILABILITY = YES_AGGRESSIVE;
				CLANG_WARN_UNREACHABLE_CODE = YES;
				CLANG_WARN__DUPLICATE_METHOD_MATCH = YES;
				CODE_SIGN_IDENTITY = "iPhone Developer";
				COPY_PHASE_STRIP = NO;
				DEBUG_INFORMATION_FORMAT = "dwarf-with-dsym";
				ENABLE_NS_ASSERTIONS = NO;
				ENABLE_STRICT_OBJC_MSGSEND = YES;
				GCC_C_LANGUAGE_STANDARD = gnu11;
				GCC_NO_COMMON_BLOCKS = YES;
				GCC_WARN_64_TO_32_BIT_CONVERSION = YES;
				GCC_WARN_ABOUT_RETURN_TYPE = YES_ERROR;
				GCC_WARN_UNDECLARED_SELECTOR = YES;
				GCC_WARN_UNINITIALIZED_AUTOS = YES_AGGRESSIVE;
				GCC_WARN_UNUSED_FUNCTION = YES;
				GCC_WARN_UNUSED_VARIABLE = YES;
				IPHONEOS_DEPLOYMENT_TARGET = 12.4;
				MTL_ENABLE_DEBUG_INFO = NO;
				MTL_FAST_MATH = YES;
				SDKROOT = iphoneos;
				SWIFT_COMPILATION_MODE = wholemodule;
				SWIFT_OPTIMIZATION_LEVEL = "-O";
				VALIDATE_PRODUCT = YES;
			};
			name = Release;
		};
		1144C2332333E5D60073CEF8 /* Debug */ = {
			isa = XCBuildConfiguration;
			baseConfigurationReference = 9709E33EA15380B5359CDE00 /* Pods-HB-Partner.debug.xcconfig */;
			buildSettings = {
				ASSETCATALOG_COMPILER_APPICON_NAME = AppIcon;
				CODE_SIGN_STYLE = Automatic;
				DEVELOPMENT_TEAM = BP69SDJPPD;
				INFOPLIST_FILE = "HB-Partner/Info.plist";
				LD_RUNPATH_SEARCH_PATHS = (
					"$(inherited)",
					"@executable_path/Frameworks",
				);
				PRODUCT_BUNDLE_IDENTIFIER = com.hungcao.hbpartner;
				PRODUCT_NAME = "$(TARGET_NAME)";
				SWIFT_VERSION = 5.0;
				TARGETED_DEVICE_FAMILY = "1,2";
			};
			name = Debug;
		};
		1144C2342333E5D60073CEF8 /* Release */ = {
			isa = XCBuildConfiguration;
			baseConfigurationReference = B1887A720DF8A17A4B0F13CB /* Pods-HB-Partner.release.xcconfig */;
			buildSettings = {
				ASSETCATALOG_COMPILER_APPICON_NAME = AppIcon;
				CODE_SIGN_STYLE = Automatic;
				DEVELOPMENT_TEAM = BP69SDJPPD;
				INFOPLIST_FILE = "HB-Partner/Info.plist";
				LD_RUNPATH_SEARCH_PATHS = (
					"$(inherited)",
					"@executable_path/Frameworks",
				);
				PRODUCT_BUNDLE_IDENTIFIER = com.hungcao.hbpartner;
				PRODUCT_NAME = "$(TARGET_NAME)";
				SWIFT_VERSION = 5.0;
				TARGETED_DEVICE_FAMILY = "1,2";
			};
			name = Release;
		};
/* End XCBuildConfiguration section */

/* Begin XCConfigurationList section */
		1144C21B2333E5D50073CEF8 /* Build configuration list for PBXProject "HB-Partner" */ = {
			isa = XCConfigurationList;
			buildConfigurations = (
				1144C2302333E5D60073CEF8 /* Debug */,
				1144C2312333E5D60073CEF8 /* Release */,
			);
			defaultConfigurationIsVisible = 0;
			defaultConfigurationName = Release;
		};
		1144C2322333E5D60073CEF8 /* Build configuration list for PBXNativeTarget "HB-Partner" */ = {
			isa = XCConfigurationList;
			buildConfigurations = (
				1144C2332333E5D60073CEF8 /* Debug */,
				1144C2342333E5D60073CEF8 /* Release */,
			);
			defaultConfigurationIsVisible = 0;
			defaultConfigurationName = Release;
		};
/* End XCConfigurationList section */
	};
	rootObject = 1144C2182333E5D50073CEF8 /* Project object */;
}
